
Microsoft Visual Studio Solution File, Format Version 12.00
# Visual Studio Version 16
VisualStudioVersion = 16.0.28729.10
MinimumVisualStudioVersion = 10.0.40219.1
Project("{FAE04EC0-301F-11D3-BF4B-00C04F79EFBC}") = "Clip2Png", "Clip2Png.csproj", "{7FBEDC4C-2689-420A-897A-7BB8F2F16292}"
EndProject
Global
	GlobalSection(SolutionConfigurationPlatforms) = preSolution
		Debug|Any CPU = Debug|Any CPU
		Release|Any CPU = Release|Any CPU
	EndGlobalSection
	GlobalSection(ProjectConfigurationPlatforms) = postSolution
		{7FBEDC4C-2689-420A-897A-7BB8F2F16292}.Debug|Any CPU.ActiveCfg = Debug|Any CPU
		{7FBEDC4C-2689-420A-897A-7BB8F2F16292}.Debug|Any CPU.Build.0 = Debug|Any CPU
		{7FBEDC4C-2689-420A-897A-7BB8F2F16292}.Release|Any CPU.ActiveCfg = Release|Any CPU
		{7FBEDC4C-2689-420A-897A-7BB8F2F16292}.Release|Any CPU.Build.0 = Release|Any CPU
	EndGlobalSection
	GlobalSection(SolutionProperties) = preSolution
		HideSolutionNode = FALSE
	EndGlobalSection
	GlobalSection(ExtensibilityGlobals) = postSolution
		SolutionGuid = {81674BFD-13EC-4792-8805-82B8D0A10B4B}
	EndGlobalSection
EndGlobal
